PODS:
  - KKTableCollectionViewDataSource (0.1.0):
    - MJRefresh
  - MJRefresh (3.5.0)

DEPENDENCIES:
  - KKTableCollectionViewDataSource (from `../`)

SPEC REPOS:
  trunk:
    - MJRefresh

EXTERNAL SOURCES:
  KKTableCollectionViewDataSource:
    :path: "../"

SPEC CHECKSUMS:
  KKTableCollectionViewDataSource: 8696fec77e6374d9581aefc3a714e5e7dc5a4a3d
  MJRefresh: 6afc955813966afb08305477dd7a0d9ad5e79a16

PODFILE CHECKSUM: 4303242c476198603b6f52f5ab4084fa2e89f92f

COCOAPODS: 1.10.0.rc.1
